
Microsoft Visual Studio Solution File, Format Version 12.00
# Visual Studio Version 16
VisualStudioVersion = 16.0.31624.102
MinimumVisualStudioVersion = 10.0.40219.1
Project("{FAE04EC0-301F-11D3-BF4B-00C04F79EFBC}") = "ShadowFoxBotNet", "ShadowFoxBotNet\ShadowFoxBotNet.csproj", "{50BBFAF1-2B25-4C67-8BBE-5FDF260A861B}"
EndProject
Global
	GlobalSection(SolutionConfigurationPlatforms) = preSolution
		Debug|Any CPU = Debug|Any CPU
		Release|Any CPU = Release|Any CPU
	EndGlobalSection
	GlobalSection(ProjectConfigurationPlatforms) = postSolution
		{50BBFAF1-2B25-4C67-8BBE-5FDF260A861B}.Debug|Any CPU.ActiveCfg = Debug|Any CPU
		{50BBFAF1-2B25-4C67-8BBE-5FDF260A861B}.Debug|Any CPU.Build.0 = Debug|Any CPU
		{50BBFAF1-2B25-4C67-8BBE-5FDF260A861B}.Release|Any CPU.ActiveCfg = Release|Any CPU
		{50BBFAF1-2B25-4C67-8BBE-5FDF260A861B}.Release|Any CPU.Build.0 = Release|Any CPU
	EndGlobalSection
	GlobalSection(SolutionProperties) = preSolution
		HideSolutionNode = FALSE
	EndGlobalSection
	GlobalSection(ExtensibilityGlobals) = postSolution
		SolutionGuid = {7409F88A-60A4-486C-9755-958E14E02DE7}
	EndGlobalSection
EndGlobal
